// !$*UTF8*$!
{
	archiveVersion = 1;
	classes = {
	};
	objectVersion = 46;
	objects = {

/* Begin PBXBuildFile section */
		F95EFE9A19551A530016AAA5 /* CardMatchingGame.swift in Sources */ = {isa = PBXBuildFile; fileRef = F95EFE9919551A530016AAA5 /* CardMatchingGame.swift */; };
		F9873577195123DC00861373 /* Card.swift in Sources */ = {isa = PBXBuildFile; fileRef = F9873576195123DC00861373 /* Card.swift */; };
		F9873579195123F700861373 /* PlayingCard.swift in Sources */ = {isa = PBXBuildFile; fileRef = F9873578195123F700861373 /* PlayingCard.swift */; };
		F987357B1951241300861373 /* Deck.swift in Sources */ = {isa = PBXBuildFile; fileRef = F987357A1951241300861373 /* Deck.swift */; };
		F987357D1951242800861373 /* PlayingCardDeck.swift in Sources */ = {isa = PBXBuildFile; fileRef = F987357C1951242800861373 /* PlayingCardDeck.swift */; };
		F9D3B246195117EB003E1C09 /* AppDelegate.swift in Sources */ = {isa = PBXBuildFile; fileRef = F9D3B245195117EB003E1C09 /* AppDelegate.swift */; };
		F9D3B248195117EB003E1C09 /* CardGameViewController.swift in Sources */ = {isa = PBXBuildFile; fileRef = F9D3B247195117EB003E1C09 /* CardGameViewController.swift */; };
		F9D3B24B195117EB003E1C09 /* Main.storyboard in Resources */ = {isa = PBXBuildFile; fileRef = F9D3B249195117EB003E1C09 /* Main.storyboard */; };
		F9D3B24D195117EB003E1C09 /* Images.xcassets in Resources */ = {isa = PBXBuildFile; fileRef = F9D3B24C195117EB003E1C09 /* Images.xcassets */; };
		F9D3B259195117EB003E1C09 /* MatchismoTests.swift in Sources */ = {isa = PBXBuildFile; fileRef = F9D3B258195117EB003E1C09 /* MatchismoTests.swift */; };
/* End PBXBuildFile section */

/* Begin PBXContainerItemProxy section */
		F9D3B253195117EB003E1C09 /* PBXContainerItemProxy */ = {
			isa = PBXContainerItemProxy;
			containerPortal = F9D3B238195117EB003E1C09 /* Project object */;
			proxyType = 1;
			remoteGlobalIDString = F9D3B23F195117EB003E1C09;
			remoteInfo = Matchismo;
		};
/* End PBXContainerItemProxy section */

/* Begin PBXFileReference section */
		F95EFE9919551A530016AAA5 /* CardMatchingGame.swift */ = {isa = PBXFileReference; fileEncoding = 4; lastKnownFileType = sourcecode.swift; name = CardMatchingGame.swift; path = Model/CardMatchingGame.swift; sourceTree = "<group>"; };
		F9873576195123DC00861373 /* Card.swift */ = {isa = PBXFileReference; fileEncoding = 4; lastKnownFileType = sourcecode.swift; name = Card.swift; path = Model/Card.swift; sourceTree = "<group>"; };
		F9873578195123F700861373 /* PlayingCard.swift */ = {isa = PBXFileReference; fileEncoding = 4; lastKnownFileType = sourcecode.swift; name = PlayingCard.swift; path = Model/PlayingCard.swift; sourceTree = "<group>"; };
		F987357A1951241300861373 /* Deck.swift */ = {isa = PBXFileReference; fileEncoding = 4; lastKnownFileType = sourcecode.swift; name = Deck.swift; path = Model/Deck.swift; sourceTree = "<group>"; };
		F987357C1951242800861373 /* PlayingCardDeck.swift */ = {isa = PBXFileReference; fileEncoding = 4; lastKnownFileType = sourcecode.swift; name = PlayingCardDeck.swift; path = Model/PlayingCardDeck.swift; sourceTree = "<group>"; };
		F9D3B240195117EB003E1C09 /* Matchismo.app */ = {isa = PBXFileReference; explicitFileType = wrapper.application; includeInIndex = 0; path = Matchismo.app; sourceTree = BUILT_PRODUCTS_DIR; };
		F9D3B244195117EB003E1C09 /* Info.plist */ = {isa = PBXFileReference; lastKnownFileType = text.plist.xml; path = Info.plist; sourceTree = "<group>"; };
		F9D3B245195117EB003E1C09 /* AppDelegate.swift */ = {isa = PBXFileReference; lastKnownFileType = sourcecode.swift; path = AppDelegate.swift; sourceTree = "<group>"; };
		F9D3B247195117EB003E1C09 /* CardGameViewController.swift */ = {isa = PBXFileReference; lastKnownFileType = sourcecode.swift; path = CardGameViewController.swift; sourceTree = "<group>"; };
		F9D3B24A195117EB003E1C09 /* Base */ = {isa = PBXFileReference; lastKnownFileType = file.storyboard; name = Base; path = Base.lproj/Main.storyboard; sourceTree = "<group>"; };
		F9D3B24C195117EB003E1C09 /* Images.xcassets */ = {isa = PBXFileReference; lastKnownFileType = folder.assetcatalog; path = Images.xcassets; sourceTree = "<group>"; };
		F9D3B252195117EB003E1C09 /* MatchismoTests.xctest */ = {isa = PBXFileReference; explicitFileType = wrapper.cfbundle; includeInIndex = 0; path = MatchismoTests.xctest; sourceTree = BUILT_PRODUCTS_DIR; };
		F9D3B257195117EB003E1C09 /* Info.plist */ = {isa = PBXFileReference; lastKnownFileType = text.plist.xml; path = Info.plist; sourceTree = "<group>"; };
		F9D3B258195117EB003E1C09 /* MatchismoTests.swift */ = {isa = PBXFileReference; lastKnownFileType = sourcecode.swift; path = MatchismoTests.swift; sourceTree = "<group>"; };
/* End PBXFileReference section */

/* Begin PBXFrameworksBuildPhase section */
		F9D3B23D195117EB003E1C09 /* Frameworks */ = {
			isa = PBXFrameworksBuildPhase;
			buildActionMask = 2147483647;
			files = (
			);
			runOnlyForDeploymentPostprocessing = 0;
		};
		F9D3B24F195117EB003E1C09 /* Frameworks */ = {
			isa = PBXFrameworksBuildPhase;
			buildActionMask = 2147483647;
			files = (
			);
			runOnlyForDeploymentPostprocessing = 0;
		};
/* End PBXFrameworksBuildPhase section */

/* Begin PBXGroup section */
		F98735751951236300861373 /* Model */ = {
			isa = PBXGroup;
			children = (
				F9873576195123DC00861373 /* Card.swift */,
				F9873578195123F700861373 /* PlayingCard.swift */,
				F987357A1951241300861373 /* Deck.swift */,
				F987357C1951242800861373 /* PlayingCardDeck.swift */,
				F95EFE9919551A530016AAA5 /* CardMatchingGame.swift */,
			);
			name = Model;
			sourceTree = "<group>";
		};
		F9D3B237195117EB003E1C09 = {
			isa = PBXGroup;
			children = (
				F9D3B242195117EB003E1C09 /* Matchismo */,
				F9D3B255195117EB003E1C09 /* MatchismoTests */,
				F9D3B241195117EB003E1C09 /* Products */,
			);
			sourceTree = "<group>";
		};
		F9D3B241195117EB003E1C09 /* Products */ = {
			isa = PBXGroup;
			children = (
				F9D3B240195117EB003E1C09 /* Matchismo.app */,
				F9D3B252195117EB003E1C09 /* MatchismoTests.xctest */,
			);
			name = Products;
			sourceTree = "<group>";
		};
		F9D3B242195117EB003E1C09 /* Matchismo */ = {
			isa = PBXGroup;
			children = (
				F9D3B249195117EB003E1C09 /* Main.storyboard */,
				F9D3B247195117EB003E1C09 /* CardGameViewController.swift */,
				F9D3B24C195117EB003E1C09 /* Images.xcassets */,
				F98735751951236300861373 /* Model */,
				F9D3B243195117EB003E1C09 /* Supporting Files */,
			);
			path = Matchismo;
			sourceTree = "<group>";
		};
		F9D3B243195117EB003E1C09 /* Supporting Files */ = {
			isa = PBXGroup;
			children = (
				F9D3B245195117EB003E1C09 /* AppDelegate.swift */,
				F9D3B244195117EB003E1C09 /* Info.plist */,
			);
			name = "Supporting Files";
			sourceTree = "<group>";
		};
		F9D3B255195117EB003E1C09 /* MatchismoTests */ = {
			isa = PBXGroup;
			children = (
				F9D3B258195117EB003E1C09 /* MatchismoTests.swift */,
				F9D3B256195117EB003E1C09 /* Supporting Files */,
			);
			path = MatchismoTests;
			sourceTree = "<group>";
		};
		F9D3B256195117EB003E1C09 /* Supporting Files */ = {
			isa = PBXGroup;
			children = (
				F9D3B257195117EB003E1C09 /* Info.plist */,
			);
			name = "Supporting Files";
			sourceTree = "<group>";
		};
/* End PBXGroup section */

/* Begin PBXNativeTarget section */
		F9D3B23F195117EB003E1C09 /* Matchismo */ = {
			isa = PBXNativeTarget;
			buildConfigurationList = F9D3B25C195117EB003E1C09 /* Build configuration list for PBXNativeTarget "Matchismo" */;
			buildPhases = (
				F9D3B23C195117EB003E1C09 /* Sources */,
				F9D3B23D195117EB003E1C09 /* Frameworks */,
				F9D3B23E195117EB003E1C09 /* Resources */,
			);
			buildRules = (
			);
			dependencies = (
			);
			name = Matchismo;
			productName = Matchismo;
			productReference = F9D3B240195117EB003E1C09 /* Matchismo.app */;
			productType = "com.apple.product-type.application";
		};
		F9D3B251195117EB003E1C09 /* MatchismoTests */ = {
			isa = PBXNativeTarget;
			buildConfigurationList = F9D3B25F195117EB003E1C09 /* Build configuration list for PBXNativeTarget "MatchismoTests" */;
			buildPhases = (
				F9D3B24E195117EB003E1C09 /* Sources */,
				F9D3B24F195117EB003E1C09 /* Frameworks */,
				F9D3B250195117EB003E1C09 /* Resources */,
			);
			buildRules = (
			);
			dependencies = (
				F9D3B254195117EB003E1C09 /* PBXTargetDependency */,
			);
			name = MatchismoTests;
			productName = MatchismoTests;
			productReference = F9D3B252195117EB003E1C09 /* MatchismoTests.xctest */;
			productType = "com.apple.product-type.bundle.unit-test";
		};
/* End PBXNativeTarget section */

/* Begin PBXProject section */
		F9D3B238195117EB003E1C09 /* Project object */ = {
			isa = PBXProject;
			attributes = {
				LastUpgradeCheck = 0600;
				ORGANIZATIONNAME = "Hector Enrique Gomez Morales";
				TargetAttributes = {
					F9D3B23F195117EB003E1C09 = {
						CreatedOnToolsVersion = 6.0;
					};
					F9D3B251195117EB003E1C09 = {
						CreatedOnToolsVersion = 6.0;
						TestTargetID = F9D3B23F195117EB003E1C09;
					};
				};
			};
			buildConfigurationList = F9D3B23B195117EB003E1C09 /* Build configuration list for PBXProject "Matchismo" */;
			compatibilityVersion = "Xcode 3.2";
			developmentRegion = English;
			hasScannedForEncodings = 0;
			knownRegions = (
				en,
				Base,
			);
			mainGroup = F9D3B237195117EB003E1C09;
			productRefGroup = F9D3B241195117EB003E1C09 /* Products */;
			projectDirPath = "";
			projectRoot = "";
			targets = (
				F9D3B23F195117EB003E1C09 /* Matchismo */,
				F9D3B251195117EB003E1C09 /* MatchismoTests */,
			);
		};
/* End PBXProject section */

/* Begin PBXResourcesBuildPhase section */
		F9D3B23E195117EB003E1C09 /* Resources */ = {
			isa = PBXResourcesBuildPhase;
			buildActionMask = 2147483647;
			files = (
				F9D3B24B195117EB003E1C09 /* Main.storyboard in Resources */,
				F9D3B24D195117EB003E1C09 /* Images.xcassets in Resources */,
			);
			runOnlyForDeploymentPostprocessing = 0;
		};
		F9D3B250195117EB003E1C09 /* Resources */ = {
			isa = PBXResourcesBuildPhase;
			buildActionMask = 2147483647;
			files = (
			);
			runOnlyForDeploymentPostprocessing = 0;
		};
/* End PBXResourcesBuildPhase section */

/* Begin PBXSourcesBuildPhase section */
		F9D3B23C195117EB003E1C09 /* Sources */ = {
			isa = PBXSourcesBuildPhase;
			buildActionMask = 2147483647;
			files = (
				F9D3B248195117EB003E1C09 /* CardGameViewController.swift in Sources */,
				F9873577195123DC00861373 /* Card.swift in Sources */,
				F987357B1951241300861373 /* Deck.swift in Sources */,
				F95EFE9A19551A530016AAA5 /* CardMatchingGame.swift in Sources */,
				F987357D1951242800861373 /* PlayingCardDeck.swift in Sources */,
				F9873579195123F700861373 /* PlayingCard.swift in Sources */,
				F9D3B246195117EB003E1C09 /* AppDelegate.swift in Sources */,
			);
			runOnlyForDeploymentPostprocessing = 0;
		};
		F9D3B24E195117EB003E1C09 /* Sources */ = {
			isa = PBXSourcesBuildPhase;
			buildActionMask = 2147483647;
			files = (
				F9D3B259195117EB003E1C09 /* MatchismoTests.swift in Sources */,
			);
			runOnlyForDeploymentPostprocessing = 0;
		};
/* End PBXSourcesBuildPhase section */

/* Begin PBXTargetDependency section */
		F9D3B254195117EB003E1C09 /* PBXTargetDependency */ = {
			isa = PBXTargetDependency;
			target = F9D3B23F195117EB003E1C09 /* Matchismo */;
			targetProxy = F9D3B253195117EB003E1C09 /* PBXContainerItemProxy */;
		};
/* End PBXTargetDependency section */

/* Begin PBXVariantGroup section */
		F9D3B249195117EB003E1C09 /* Main.storyboard */ = {
			isa = PBXVariantGroup;
			children = (
				F9D3B24A195117EB003E1C09 /* Base */,
			);
			name = Main.storyboard;
			sourceTree = "<group>";
		};
/* End PBXVariantGroup section */

/* Begin XCBuildConfiguration section */
		F9D3B25A195117EB003E1C09 /* Debug */ = {
			isa = XCBuildConfiguration;
			buildSettings = {
				ALWAYS_SEARCH_USER_PATHS = NO;
				CLANG_CXX_LANGUAGE_STANDARD = "gnu++0x";
				CLANG_CXX_LIBRARY = "libc++";
				CLANG_ENABLE_MODULES = YES;
				CLANG_ENABLE_OBJC_ARC = YES;
				CLANG_WARN_BOOL_CONVERSION = YES;
				CLANG_WARN_CONSTANT_CONVERSION = YES;
				CLANG_WARN_DIRECT_OBJC_ISA_USAGE = YES_ERROR;
				CLANG_WARN_EMPTY_BODY = YES;
				CLANG_WARN_ENUM_CONVERSION = YES;
				CLANG_WARN_INT_CONVERSION = YES;
				CLANG_WARN_OBJC_ROOT_CLASS = YES_ERROR;
				CLANG_WARN_UNREACHABLE_CODE = YES;
				CLANG_WARN__DUPLICATE_METHOD_MATCH = YES;
				"CODE_SIGN_IDENTITY[sdk=iphoneos*]" = "iPhone Developer";
				COPY_PHASE_STRIP = NO;
				ENABLE_STRICT_OBJC_MSGSEND = YES;
				GCC_C_LANGUAGE_STANDARD = gnu99;
				GCC_DYNAMIC_NO_PIC = NO;
				GCC_OPTIMIZATION_LEVEL = 0;
				GCC_PREPROCESSOR_DEFINITIONS = (
					"DEBUG=1",
					"$(inherited)",
				);
				GCC_SYMBOLS_PRIVATE_EXTERN = NO;
				GCC_WARN_64_TO_32_BIT_CONVERSION = YES;
				GCC_WARN_ABOUT_RETURN_TYPE = YES_ERROR;
				GCC_WARN_UNDECLARED_SELECTOR = YES;
				GCC_WARN_UNINITIALIZED_AUTOS = YES_AGGRESSIVE;
				GCC_WARN_UNUSED_FUNCTION = YES;
				GCC_WARN_UNUSED_VARIABLE = YES;
				IPHONEOS_DEPLOYMENT_TARGET = 8.0;
				METAL_ENABLE_DEBUG_INFO = YES;
				ONLY_ACTIVE_ARCH = YES;
				SDKROOT = iphoneos;
				SWIFT_OPTIMIZATION_LEVEL = "-Onone";
			};
			name = Debug;
		};
		F9D3B25B195117EB003E1C09 /* Release */ = {
			isa = XCBuildConfiguration;
			buildSettings = {
				ALWAYS_SEARCH_USER_PATHS = NO;
				CLANG_CXX_LANGUAGE_STANDARD = "gnu++0x";
				CLANG_CXX_LIBRARY = "libc++";
				CLANG_ENABLE_MODULES = YES;
				CLANG_ENABLE_OBJC_ARC = YES;
				CLANG_WARN_BOOL_CONVERSION = YES;
				CLANG_WARN_CONSTANT_CONVERSION = YES;
				CLANG_WARN_DIRECT_OBJC_ISA_USAGE = YES_ERROR;
				CLANG_WARN_EMPTY_BODY = YES;
				CLANG_WARN_ENUM_CONVERSION = YES;
				CLANG_WARN_INT_CONVERSION = YES;
				CLANG_WARN_OBJC_ROOT_CLASS = YES_ERROR;
				CLANG_WARN_UNREACHABLE_CODE = YES;
				CLANG_WARN__DUPLICATE_METHOD_MATCH = YES;
				"CODE_SIGN_IDENTITY[sdk=iphoneos*]" = "iPhone Developer";
				COPY_PHASE_STRIP = YES;
				ENABLE_NS_ASSERTIONS = NO;
				ENABLE_STRICT_OBJC_MSGSEND = YES;
				GCC_C_LANGUAGE_STANDARD = gnu99;
				GCC_WARN_64_TO_32_BIT_CONVERSION = YES;
				GCC_WARN_ABOUT_RETURN_TYPE = YES_ERROR;
				GCC_WARN_UNDECLARED_SELECTOR = YES;
				GCC_WARN_UNINITIALIZED_AUTOS = YES_AGGRESSIVE;
				GCC_WARN_UNUSED_FUNCTION = YES;
				GCC_WARN_UNUSED_VARIABLE = YES;
				IPHONEOS_DEPLOYMENT_TARGET = 8.0;
				METAL_ENABLE_DEBUG_INFO = NO;
				SDKROOT = iphoneos;
				VALIDATE_PRODUCT = YES;
			};
			name = Release;
		};
		F9D3B25D195117EB003E1C09 /* Debug */ = {
			isa = XCBuildConfiguration;
			buildSettings = {
				ASSETCATALOG_COMPILER_APPICON_NAME = AppIcon;
				ASSETCATALOG_COMPILER_LAUNCHIMAGE_NAME = LaunchImage;
				INFOPLIST_FILE = Matchismo/Info.plist;
				LD_RUNPATH_SEARCH_PATHS = "$(inherited) @executable_path/Frameworks";
				PRODUCT_NAME = "$(TARGET_NAME)";
			};
			name = Debug;
		};
		F9D3B25E195117EB003E1C09 /* Release */ = {
			isa = XCBuildConfiguration;
			buildSettings = {
				ASSETCATALOG_COMPILER_APPICON_NAME = AppIcon;
				ASSETCATALOG_COMPILER_LAUNCHIMAGE_NAME = LaunchImage;
				INFOPLIST_FILE = Matchismo/Info.plist;
				LD_RUNPATH_SEARCH_PATHS = "$(inherited) @executable_path/Frameworks";
				PRODUCT_NAME = "$(TARGET_NAME)";
			};
			name = Release;
		};
		F9D3B260195117EB003E1C09 /* Debug */ = {
			isa = XCBuildConfiguration;
			buildSettings = {
				BUNDLE_LOADER = "$(BUILT_PRODUCTS_DIR)/Matchismo.app/Matchismo";
				FRAMEWORK_SEARCH_PATHS = (
					"$(SDKROOT)/Developer/Library/Frameworks",
					"$(inherited)",
				);
				GCC_PREPROCESSOR_DEFINITIONS = (
					"DEBUG=1",
					"$(inherited)",
				);
				INFOPLIST_FILE = MatchismoTests/Info.plist;
				LD_RUNPATH_SEARCH_PATHS = "$(inherited) @executable_path/Frameworks @loader_path/Frameworks";
				METAL_ENABLE_DEBUG_INFO = YES;
				PRODUCT_NAME = "$(TARGET_NAME)";
				TEST_HOST = "$(BUNDLE_LOADER)";
			};
			name = Debug;
		};
		F9D3B261195117EB003E1C09 /* Release */ = {
			isa = XCBuildConfiguration;
			buildSettings = {
				BUNDLE_LOADER = "$(BUILT_PRODUCTS_DIR)/Matchismo.app/Matchismo";
				FRAMEWORK_SEARCH_PATHS = (
					"$(SDKROOT)/Developer/Library/Frameworks",
					"$(inherited)",
				);
				INFOPLIST_FILE = MatchismoTests/Info.plist;
				LD_RUNPATH_SEARCH_PATHS = "$(inherited) @executable_path/Frameworks @loader_path/Frameworks";
				METAL_ENABLE_DEBUG_INFO = NO;
				PRODUCT_NAME = "$(TARGET_NAME)";
				TEST_HOST = "$(BUNDLE_LOADER)";
			};
			name = Release;
		};
/* End XCBuildConfiguration section */

/* Begin XCConfigurationList section */
		F9D3B23B195117EB003E1C09 /* Build configuration list for PBXProject "Matchismo" */ = {
			isa = XCConfigurationList;
			buildConfigurations = (
				F9D3B25A195117EB003E1C09 /* Debug */,
				F9D3B25B195117EB003E1C09 /* Release */,
			);
			defaultConfigurationIsVisible = 0;
			defaultConfigurationName = Release;
		};
		F9D3B25C195117EB003E1C09 /* Build configuration list for PBXNativeTarget "Matchismo" */ = {
			isa = XCConfigurationList;
			buildConfigurations = (
				F9D3B25D195117EB003E1C09 /* Debug */,
				F9D3B25E195117EB003E1C09 /* Release */,
			);
			defaultConfigurationIsVisible = 0;
			defaultConfigurationName = Release;
		};
		F9D3B25F195117EB003E1C09 /* Build configuration list for PBXNativeTarget "MatchismoTests" */ = {
			isa = XCConfigurationList;
			buildConfigurations = (
				F9D3B260195117EB003E1C09 /* Debug */,
				F9D3B261195117EB003E1C09 /* Release */,
			);
			defaultConfigurationIsVisible = 0;
			defaultConfigurationName = Release;
		};
/* End XCConfigurationList section */
	};
	rootObject = F9D3B238195117EB003E1C09 /* Project object */;
}
